// !$*UTF8*$!
{
	archiveVersion = 1;
	classes = {
	};
	objectVersion = 55;
	objects = {

/* Begin PBXBuildFile section */
		9E063EBF277C876200BB5530 /* CoreMotionUser.swift in Sources */ = {isa = PBXBuildFile; fileRef = 9E063EBE277C876200BB5530 /* CoreMotionUser.swift */; };
		9E0AE6372768A2A4007FB598 /* MoodPage.swift in Sources */ = {isa = PBXBuildFile; fileRef = 9E0AE6362768A2A4007FB598 /* MoodPage.swift */; };
		9E0AE6392768A2F7007FB598 /* AdviceVc.swift in Sources */ = {isa = PBXBuildFile; fileRef = 9E0AE6382768A2F7007FB598 /* AdviceVc.swift */; };
		9E0B4B53275F69FB00C0063E /* AppDelegate.swift in Sources */ = {isa = PBXBuildFile; fileRef = 9E0B4B52275F69FB00C0063E /* AppDelegate.swift */; };
		9E0B4B55275F69FB00C0063E /* SceneDelegate.swift in Sources */ = {isa = PBXBuildFile; fileRef = 9E0B4B54275F69FB00C0063E /* SceneDelegate.swift */; };
		9E0B4B57275F69FB00C0063E /* SignInVc.swift in Sources */ = {isa = PBXBuildFile; fileRef = 9E0B4B56275F69FB00C0063E /* SignInVc.swift */; };
		9E0B4B5A275F69FB00C0063E /* Main.storyboard in Resources */ = {isa = PBXBuildFile; fileRef = 9E0B4B58275F69FB00C0063E /* Main.storyboard */; };
		9E0B4B5C275F69FD00C0063E /* Assets.xcassets in Resources */ = {isa = PBXBuildFile; fileRef = 9E0B4B5B275F69FD00C0063E /* Assets.xcassets */; };
		9E0B4B5F275F69FD00C0063E /* LaunchScreen.storyboard in Resources */ = {isa = PBXBuildFile; fileRef = 9E0B4B5D275F69FD00C0063E /* LaunchScreen.storyboard */; };
		9E0B4B67275F6B9D00C0063E /* GoogleService-Info.plist in Resources */ = {isa = PBXBuildFile; fileRef = 9E0B4B66275F6B9D00C0063E /* GoogleService-Info.plist */; };
		9E0B4B6A275F6E0600C0063E /* FirebaseAnalytics in Frameworks */ = {isa = PBXBuildFile; productRef = 9E0B4B69275F6E0600C0063E /* FirebaseAnalytics */; };
		9E0B4B6C275F6E0600C0063E /* FirebaseAuth in Frameworks */ = {isa = PBXBuildFile; productRef = 9E0B4B6B275F6E0600C0063E /* FirebaseAuth */; };
		9E0B4B6E275F6E0600C0063E /* FirebaseFirestore in Frameworks */ = {isa = PBXBuildFile; productRef = 9E0B4B6D275F6E0600C0063E /* FirebaseFirestore */; };
		9E189587276CBB6700B83E99 /* AdvicesCollectionViewCell.swift in Sources */ = {isa = PBXBuildFile; fileRef = 9E189586276CBB6700B83E99 /* AdvicesCollectionViewCell.swift */; };
		9E189589276CE9BF00B83E99 /* Diet.swift in Sources */ = {isa = PBXBuildFile; fileRef = 9E189588276CE9BF00B83E99 /* Diet.swift */; };
		9E18958B276D532E00B83E99 /* DataTableViewCell.swift in Sources */ = {isa = PBXBuildFile; fileRef = 9E18958A276D532E00B83E99 /* DataTableViewCell.swift */; };
		9E18958D276D576800B83E99 /* ProtocolImages.swift in Sources */ = {isa = PBXBuildFile; fileRef = 9E18958C276D576800B83E99 /* ProtocolImages.swift */; };
		9E2056DE2761E98A0082EEC1 /* User.swift in Sources */ = {isa = PBXBuildFile; fileRef = 9E2056DD2761E98A0082EEC1 /* User.swift */; };
		9E2056E22761F9280082EEC1 /* UserApi.swift in Sources */ = {isa = PBXBuildFile; fileRef = 9E2056E12761F9280082EEC1 /* UserApi.swift */; };
		9E3042FD27839EC500CC2F8E /* HealthKit.framework in Frameworks */ = {isa = PBXBuildFile; fileRef = 9E3042FC27839EC500CC2F8E /* HealthKit.framework */; };
		9E3DD181276A1EB30034D950 /* ProfileViewController.swift in Sources */ = {isa = PBXBuildFile; fileRef = 9E3DD180276A1EB30034D950 /* ProfileViewController.swift */; };
		9E4708522760CC30004EEDC9 /* SignUpVc.swift in Sources */ = {isa = PBXBuildFile; fileRef = 9E4708512760CC30004EEDC9 /* SignUpVc.swift */; };
		9E4708542761666B004EEDC9 /* mainHomeViewController.swift in Sources */ = {isa = PBXBuildFile; fileRef = 9E4708532761666B004EEDC9 /* mainHomeViewController.swift */; };
		9E55334E276735C300D69DAA /* InformationBmiVc.swift in Sources */ = {isa = PBXBuildFile; fileRef = 9E55334D276735C300D69DAA /* InformationBmiVc.swift */; };
		9E55335027675BA400D69DAA /* CalculatorBmi.swift in Sources */ = {isa = PBXBuildFile; fileRef = 9E55334F27675BA400D69DAA /* CalculatorBmi.swift */; };
		9E55335227675C2200D69DAA /* BMI.swift in Sources */ = {isa = PBXBuildFile; fileRef = 9E55335127675C2200D69DAA /* BMI.swift */; };
		9E66B0702785AD19009F2403 /* BMIValue.swift in Sources */ = {isa = PBXBuildFile; fileRef = 9E66B06F2785AD18009F2403 /* BMIValue.swift */; };
		9E8A0140276B2F95007F6F2F /* ProfileSettingsTableViewController.swift in Sources */ = {isa = PBXBuildFile; fileRef = 9E8A013F276B2F95007F6F2F /* ProfileSettingsTableViewController.swift */; };
		9E8A0144276B4F9D007F6F2F /* HistoryBmiTableViewController.swift in Sources */ = {isa = PBXBuildFile; fileRef = 9E8A0143276B4F9D007F6F2F /* HistoryBmiTableViewController.swift */; };
		9E8A0146276B50DD007F6F2F /* HistoryTableViewCell.swift in Sources */ = {isa = PBXBuildFile; fileRef = 9E8A0145276B50DD007F6F2F /* HistoryTableViewCell.swift */; };
		9EA2C1982781A7470023CC69 /* SecondVC.swift in Sources */ = {isa = PBXBuildFile; fileRef = 9EA2C1972781A7470023CC69 /* SecondVC.swift */; };
		9EFAFE93278EC2210032B6DF /* Localizable.strings in Resources */ = {isa = PBXBuildFile; fileRef = 9EFAFE92278EC2210032B6DF /* Localizable.strings */; };
		9EFAFE95278EC3100032B6DF /* LoclaizabelExtension.swift in Sources */ = {isa = PBXBuildFile; fileRef = 9EFAFE94278EC3100032B6DF /* LoclaizabelExtension.swift */; };
/* End PBXBuildFile section */

/* Begin PBXFileReference section */
		9E063EBE277C876200BB5530 /* CoreMotionUser.swift */ = {isa = PBXFileReference; lastKnownFileType = sourcecode.swift; path = CoreMotionUser.swift; sourceTree = "<group>"; };
		9E0AE6362768A2A4007FB598 /* MoodPage.swift */ = {isa = PBXFileReference; lastKnownFileType = sourcecode.swift; path = MoodPage.swift; sourceTree = "<group>"; };
		9E0AE6382768A2F7007FB598 /* AdviceVc.swift */ = {isa = PBXFileReference; lastKnownFileType = sourcecode.swift; path = AdviceVc.swift; sourceTree = "<group>"; };
		9E0B4B4F275F69FB00C0063E /* Live_Healthy.app */ = {isa = PBXFileReference; explicitFileType = wrapper.application; includeInIndex = 0; path = Live_Healthy.app; sourceTree = BUILT_PRODUCTS_DIR; };
		9E0B4B52275F69FB00C0063E /* AppDelegate.swift */ = {isa = PBXFileReference; lastKnownFileType = sourcecode.swift; path = AppDelegate.swift; sourceTree = "<group>"; };
		9E0B4B54275F69FB00C0063E /* SceneDelegate.swift */ = {isa = PBXFileReference; lastKnownFileType = sourcecode.swift; path = SceneDelegate.swift; sourceTree = "<group>"; };
		9E0B4B56275F69FB00C0063E /* SignInVc.swift */ = {isa = PBXFileReference; lastKnownFileType = sourcecode.swift; path = SignInVc.swift; sourceTree = "<group>"; };
		9E0B4B59275F69FB00C0063E /* Base */ = {isa = PBXFileReference; lastKnownFileType = file.storyboard; name = Base; path = Base.lproj/Main.storyboard; sourceTree = "<group>"; };
		9E0B4B5B275F69FD00C0063E /* Assets.xcassets */ = {isa = PBXFileReference; lastKnownFileType = folder.assetcatalog; path = Assets.xcassets; sourceTree = "<group>"; };
		9E0B4B5E275F69FD00C0063E /* Base */ = {isa = PBXFileReference; lastKnownFileType = file.storyboard; name = Base; path = Base.lproj/LaunchScreen.storyboard; sourceTree = "<group>"; };
		9E0B4B60275F69FD00C0063E /* Info.plist */ = {isa = PBXFileReference; lastKnownFileType = text.plist.xml; path = Info.plist; sourceTree = "<group>"; };
		9E0B4B66275F6B9D00C0063E /* GoogleService-Info.plist */ = {isa = PBXFileReference; fileEncoding = 4; lastKnownFileType = text.plist.xml; path = "GoogleService-Info.plist"; sourceTree = "<group>"; };
		9E189586276CBB6700B83E99 /* AdvicesCollectionViewCell.swift */ = {isa = PBXFileReference; lastKnownFileType = sourcecode.swift; path = AdvicesCollectionViewCell.swift; sourceTree = "<group>"; };
		9E189588276CE9BF00B83E99 /* Diet.swift */ = {isa = PBXFileReference; lastKnownFileType = sourcecode.swift; path = Diet.swift; sourceTree = "<group>"; };
		9E18958A276D532E00B83E99 /* DataTableViewCell.swift */ = {isa = PBXFileReference; lastKnownFileType = sourcecode.swift; path = DataTableViewCell.swift; sourceTree = "<group>"; };
		9E18958C276D576800B83E99 /* ProtocolImages.swift */ = {isa = PBXFileReference; lastKnownFileType = sourcecode.swift; path = ProtocolImages.swift; sourceTree = "<group>"; };
		9E2056DD2761E98A0082EEC1 /* User.swift */ = {isa = PBXFileReference; lastKnownFileType = sourcecode.swift; path = User.swift; sourceTree = "<group>"; };
		9E2056E12761F9280082EEC1 /* UserApi.swift */ = {isa = PBXFileReference; lastKnownFileType = sourcecode.swift; path = UserApi.swift; sourceTree = "<group>"; };
		9E3042FA27839EC500CC2F8E /* Live_Healthy.entitlements */ = {isa = PBXFileReference; lastKnownFileType = text.plist.entitlements; path = Live_Healthy.entitlements; sourceTree = "<group>"; };
		9E3042FC27839EC500CC2F8E /* HealthKit.framework */ = {isa = PBXFileReference; lastKnownFileType = wrapper.framework; name = HealthKit.framework; path = System/Library/Frameworks/HealthKit.framework; sourceTree = SDKROOT; };
		9E3DD180276A1EB30034D950 /* ProfileViewController.swift */ = {isa = PBXFileReference; lastKnownFileType = sourcecode.swift; path = ProfileViewController.swift; sourceTree = "<group>"; };
		9E4708512760CC30004EEDC9 /* SignUpVc.swift */ = {isa = PBXFileReference; lastKnownFileType = sourcecode.swift; path = SignUpVc.swift; sourceTree = "<group>"; };
		9E4708532761666B004EEDC9 /* mainHomeViewController.swift */ = {isa = PBXFileReference; lastKnownFileType = sourcecode.swift; path = mainHomeViewController.swift; sourceTree = "<group>"; };
		9E55334D276735C300D69DAA /* InformationBmiVc.swift */ = {isa = PBXFileReference; lastKnownFileType = sourcecode.swift; path = InformationBmiVc.swift; sourceTree = "<group>"; };
		9E55334F27675BA400D69DAA /* CalculatorBmi.swift */ = {isa = PBXFileReference; lastKnownFileType = sourcecode.swift; path = CalculatorBmi.swift; sourceTree = "<group>"; };
		9E55335127675C2200D69DAA /* BMI.swift */ = {isa = PBXFileReference; lastKnownFileType = sourcecode.swift; path = BMI.swift; sourceTree = "<group>"; };
		9E66B06F2785AD18009F2403 /* BMIValue.swift */ = {isa = PBXFileReference; lastKnownFileType = sourcecode.swift; path = BMIValue.swift; sourceTree = "<group>"; };
		9E8A013F276B2F95007F6F2F /* ProfileSettingsTableViewController.swift */ = {isa = PBXFileReference; lastKnownFileType = sourcecode.swift; path = ProfileSettingsTableViewController.swift; sourceTree = "<group>"; };
		9E8A0143276B4F9D007F6F2F /* HistoryBmiTableViewController.swift */ = {isa = PBXFileReference; lastKnownFileType = sourcecode.swift; path = HistoryBmiTableViewController.swift; sourceTree = "<group>"; };
		9E8A0145276B50DD007F6F2F /* HistoryTableViewCell.swift */ = {isa = PBXFileReference; lastKnownFileType = sourcecode.swift; path = HistoryTableViewCell.swift; sourceTree = "<group>"; };
		9EA2C1972781A7470023CC69 /* SecondVC.swift */ = {isa = PBXFileReference; lastKnownFileType = sourcecode.swift; path = SecondVC.swift; sourceTree = "<group>"; };
		9EFAFE90278EBE990032B6DF /* ar */ = {isa = PBXFileReference; lastKnownFileType = text.plist.strings; name = ar; path = ar.lproj/Main.strings; sourceTree = "<group>"; };
		9EFAFE91278EBE990032B6DF /* ar */ = {isa = PBXFileReference; lastKnownFileType = text.plist.strings; name = ar; path = ar.lproj/LaunchScreen.strings; sourceTree = "<group>"; };
		9EFAFE92278EC2210032B6DF /* Localizable.strings */ = {isa = PBXFileReference; lastKnownFileType = text.plist.strings; path = Localizable.strings; sourceTree = "<group>"; };
		9EFAFE94278EC3100032B6DF /* LoclaizabelExtension.swift */ = {isa = PBXFileReference; lastKnownFileType = sourcecode.swift; path = LoclaizabelExtension.swift; sourceTree = "<group>"; };
/* End PBXFileReference section */

/* Begin PBXFrameworksBuildPhase section */
		9E0B4B4C275F69FB00C0063E /* Frameworks */ = {
			isa = PBXFrameworksBuildPhase;
			buildActionMask = 2147483647;
			files = (
				9E0B4B6A275F6E0600C0063E /* FirebaseAnalytics in Frameworks */,
				9E3042FD27839EC500CC2F8E /* HealthKit.framework in Frameworks */,
				9E0B4B6C275F6E0600C0063E /* FirebaseAuth in Frameworks */,
				9E0B4B6E275F6E0600C0063E /* FirebaseFirestore in Frameworks */,
			);
			runOnlyForDeploymentPostprocessing = 0;
		};
/* End PBXFrameworksBuildPhase section */

/* Begin PBXGroup section */
		9E0B4B46275F69FB00C0063E = {
			isa = PBXGroup;
			children = (
				9E0B4B51275F69FB00C0063E /* Live_Healthy */,
				9E0B4B50275F69FB00C0063E /* Products */,
				9E3042FB27839EC500CC2F8E /* Frameworks */,
			);
			sourceTree = "<group>";
		};
		9E0B4B50275F69FB00C0063E /* Products */ = {
			isa = PBXGroup;
			children = (
				9E0B4B4F275F69FB00C0063E /* Live_Healthy.app */,
			);
			name = Products;
			sourceTree = "<group>";
		};
		9E0B4B51275F69FB00C0063E /* Live_Healthy */ = {
			isa = PBXGroup;
			children = (
				9E3042FA27839EC500CC2F8E /* Live_Healthy.entitlements */,
				9E2056E42761FDD40082EEC1 /* Controller */,
				9E2056E32761FDBC0082EEC1 /* Model */,
				9E0B4B52275F69FB00C0063E /* AppDelegate.swift */,
				9E0B4B54275F69FB00C0063E /* SceneDelegate.swift */,
				9E0B4B58275F69FB00C0063E /* Main.storyboard */,
				9E0B4B5B275F69FD00C0063E /* Assets.xcassets */,
				9E0B4B5D275F69FD00C0063E /* LaunchScreen.storyboard */,
				9E0B4B60275F69FD00C0063E /* Info.plist */,
				9E0B4B66275F6B9D00C0063E /* GoogleService-Info.plist */,
			);
			path = Live_Healthy;
			sourceTree = "<group>";
		};
		9E2056E32761FDBC0082EEC1 /* Model */ = {
			isa = PBXGroup;
			children = (
				9E2056DD2761E98A0082EEC1 /* User.swift */,
				9E2056E12761F9280082EEC1 /* UserApi.swift */,
				9E189588276CE9BF00B83E99 /* Diet.swift */,
				9E18958C276D576800B83E99 /* ProtocolImages.swift */,
				9E55334F27675BA400D69DAA /* CalculatorBmi.swift */,
				9E55335127675C2200D69DAA /* BMI.swift */,
				9E66B06F2785AD18009F2403 /* BMIValue.swift */,
				9EFAFE94278EC3100032B6DF /* LoclaizabelExtension.swift */,
				9E8A0145276B50DD007F6F2F /* HistoryTableViewCell.swift */,
				9E189586276CBB6700B83E99 /* AdvicesCollectionViewCell.swift */,
				9E0AE6362768A2A4007FB598 /* MoodPage.swift */,
				9EFAFE92278EC2210032B6DF /* Localizable.strings */,
			);
			path = Model;
			sourceTree = "<group>";
		};
		9E2056E42761FDD40082EEC1 /* Controller */ = {
			isa = PBXGroup;
			children = (
				9E0B4B56275F69FB00C0063E /* SignInVc.swift */,
				9E4708512760CC30004EEDC9 /* SignUpVc.swift */,
				9E4708532761666B004EEDC9 /* mainHomeViewController.swift */,
				9E55334D276735C300D69DAA /* InformationBmiVc.swift */,
				9E0AE6382768A2F7007FB598 /* AdviceVc.swift */,
				9EA2C1972781A7470023CC69 /* SecondVC.swift */,
				9E063EBE277C876200BB5530 /* CoreMotionUser.swift */,
				9E8A0143276B4F9D007F6F2F /* HistoryBmiTableViewController.swift */,
				9E8A013F276B2F95007F6F2F /* ProfileSettingsTableViewController.swift */,
				9E3DD180276A1EB30034D950 /* ProfileViewController.swift */,
				9E18958A276D532E00B83E99 /* DataTableViewCell.swift */,
			);
			path = Controller;
			sourceTree = "<group>";
		};
		9E3042FB27839EC500CC2F8E /* Frameworks */ = {
			isa = PBXGroup;
			children = (
				9E3042FC27839EC500CC2F8E /* HealthKit.framework */,
			);
			name = Frameworks;
			sourceTree = "<group>";
		};
/* End PBXGroup section */

/* Begin PBXNativeTarget section */
		9E0B4B4E275F69FB00C0063E /* Live_Healthy */ = {
			isa = PBXNativeTarget;
			buildConfigurationList = 9E0B4B63275F69FD00C0063E /* Build configuration list for PBXNativeTarget "Live_Healthy" */;
			buildPhases = (
				9E0B4B4B275F69FB00C0063E /* Sources */,
				9E0B4B4C275F69FB00C0063E /* Frameworks */,
				9E0B4B4D275F69FB00C0063E /* Resources */,
			);
			buildRules = (
			);
			dependencies = (
			);
			name = Live_Healthy;
			packageProductDependencies = (
				9E0B4B69275F6E0600C0063E /* FirebaseAnalytics */,
				9E0B4B6B275F6E0600C0063E /* FirebaseAuth */,
				9E0B4B6D275F6E0600C0063E /* FirebaseFirestore */,
			);
			productName = Live_Healthy;
			productReference = 9E0B4B4F275F69FB00C0063E /* Live_Healthy.app */;
			productType = "com.apple.product-type.application";
		};
/* End PBXNativeTarget section */

/* Begin PBXProject section */
		9E0B4B47275F69FB00C0063E /* Project object */ = {
			isa = PBXProject;
			attributes = {
				BuildIndependentTargetsInParallel = 1;
				LastSwiftUpdateCheck = 1310;
				LastUpgradeCheck = 1310;
				TargetAttributes = {
					9E0B4B4E275F69FB00C0063E = {
						CreatedOnToolsVersion = 13.1;
					};
				};
			};
			buildConfigurationList = 9E0B4B4A275F69FB00C0063E /* Build configuration list for PBXProject "Live_Healthy" */;
			compatibilityVersion = "Xcode 13.0";
			developmentRegion = en;
			hasScannedForEncodings = 0;
			knownRegions = (
				en,
				Base,
				ar,
			);
			mainGroup = 9E0B4B46275F69FB00C0063E;
			packageReferences = (
				9E0B4B68275F6E0600C0063E /* XCRemoteSwiftPackageReference "firebase-ios-sdk" */,
			);
			productRefGroup = 9E0B4B50275F69FB00C0063E /* Products */;
			projectDirPath = "";
			projectRoot = "";
			targets = (
				9E0B4B4E275F69FB00C0063E /* Live_Healthy */,
			);
		};
/* End PBXProject section */

/* Begin PBXResourcesBuildPhase section */
		9E0B4B4D275F69FB00C0063E /* Resources */ = {
			isa = PBXResourcesBuildPhase;
			buildActionMask = 2147483647;
			files = (
				9EFAFE93278EC2210032B6DF /* Localizable.strings in Resources */,
				9E0B4B5F275F69FD00C0063E /* LaunchScreen.storyboard in Resources */,
				9E0B4B67275F6B9D00C0063E /* GoogleService-Info.plist in Resources */,
				9E0B4B5C275F69FD00C0063E /* Assets.xcassets in Resources */,
				9E0B4B5A275F69FB00C0063E /* Main.storyboard in Resources */,
			);
			runOnlyForDeploymentPostprocessing = 0;
		};
/* End PBXResourcesBuildPhase section */

/* Begin PBXSourcesBuildPhase section */
		9E0B4B4B275F69FB00C0063E /* Sources */ = {
			isa = PBXSourcesBuildPhase;
			buildActionMask = 2147483647;
			files = (
				9E55335227675C2200D69DAA /* BMI.swift in Sources */,
				9E55334E276735C300D69DAA /* InformationBmiVc.swift in Sources */,
				9E55335027675BA400D69DAA /* CalculatorBmi.swift in Sources */,
				9E18958D276D576800B83E99 /* ProtocolImages.swift in Sources */,
				9E4708522760CC30004EEDC9 /* SignUpVc.swift in Sources */,
				9E0B4B57275F69FB00C0063E /* SignInVc.swift in Sources */,
				9E063EBF277C876200BB5530 /* CoreMotionUser.swift in Sources */,
				9E0AE6372768A2A4007FB598 /* MoodPage.swift in Sources */,
				9E3DD181276A1EB30034D950 /* ProfileViewController.swift in Sources */,
				9E2056DE2761E98A0082EEC1 /* User.swift in Sources */,
				9E0B4B53275F69FB00C0063E /* AppDelegate.swift in Sources */,
				9E4708542761666B004EEDC9 /* mainHomeViewController.swift in Sources */,
				9EFAFE95278EC3100032B6DF /* LoclaizabelExtension.swift in Sources */,
				9E189589276CE9BF00B83E99 /* Diet.swift in Sources */,
				9E2056E22761F9280082EEC1 /* UserApi.swift in Sources */,
				9E0AE6392768A2F7007FB598 /* AdviceVc.swift in Sources */,
				9E189587276CBB6700B83E99 /* AdvicesCollectionViewCell.swift in Sources */,
				9E8A0144276B4F9D007F6F2F /* HistoryBmiTableViewController.swift in Sources */,
				9E8A0140276B2F95007F6F2F /* ProfileSettingsTableViewController.swift in Sources */,
				9E8A0146276B50DD007F6F2F /* HistoryTableViewCell.swift in Sources */,
				9E18958B276D532E00B83E99 /* DataTableViewCell.swift in Sources */,
				9EA2C1982781A7470023CC69 /* SecondVC.swift in Sources */,
				9E0B4B55275F69FB00C0063E /* SceneDelegate.swift in Sources */,
				9E66B0702785AD19009F2403 /* BMIValue.swift in Sources */,
			);
			runOnlyForDeploymentPostprocessing = 0;
		};
/* End PBXSourcesBuildPhase section */

/* Begin PBXVariantGroup section */
		9E0B4B58275F69FB00C0063E /* Main.storyboard */ = {
			isa = PBXVariantGroup;
			children = (
				9E0B4B59275F69FB00C0063E /* Base */,
				9EFAFE90278EBE990032B6DF /* ar */,
			);
			name = Main.storyboard;
			sourceTree = "<group>";
		};
		9E0B4B5D275F69FD00C0063E /* LaunchScreen.storyboard */ = {
			isa = PBXVariantGroup;
			children = (
				9E0B4B5E275F69FD00C0063E /* Base */,
				9EFAFE91278EBE990032B6DF /* ar */,
			);
			name = LaunchScreen.storyboard;
			sourceTree = "<group>";
		};
/* End PBXVariantGroup section */

/* Begin XCBuildConfiguration section */
		9E0B4B61275F69FD00C0063E /* Debug */ = {
			isa = XCBuildConfiguration;
			buildSettings = {
				ALWAYS_SEARCH_USER_PATHS = NO;
				CLANG_ANALYZER_LOCALIZABILITY_NONLOCALIZED = YES;
				CLANG_ANALYZER_NONNULL = YES;
				CLANG_ANALYZER_NUMBER_OBJECT_CONVERSION = YES_AGGRESSIVE;
				CLANG_CXX_LANGUAGE_STANDARD = "gnu++17";
				CLANG_CXX_LIBRARY = "libc++";
				CLANG_ENABLE_MODULES = YES;
				CLANG_ENABLE_OBJC_ARC = YES;
				CLANG_ENABLE_OBJC_WEAK = YES;
				CLANG_WARN_BLOCK_CAPTURE_AUTORELEASING = YES;
				CLANG_WARN_BOOL_CONVERSION = YES;
				CLANG_WARN_COMMA = YES;
				CLANG_WARN_CONSTANT_CONVERSION = YES;
				CLANG_WARN_DEPRECATED_OBJC_IMPLEMENTATIONS = YES;
				CLANG_WARN_DIRECT_OBJC_ISA_USAGE = YES_ERROR;
				CLANG_WARN_DOCUMENTATION_COMMENTS = YES;
				CLANG_WARN_EMPTY_BODY = YES;
				CLANG_WARN_ENUM_CONVERSION = YES;
				CLANG_WARN_INFINITE_RECURSION = YES;
				CLANG_WARN_INT_CONVERSION = YES;
				CLANG_WARN_NON_LITERAL_NULL_CONVERSION = YES;
				CLANG_WARN_OBJC_IMPLICIT_RETAIN_SELF = YES;
				CLANG_WARN_OBJC_LITERAL_CONVERSION = YES;
				CLANG_WARN_OBJC_ROOT_CLASS = YES_ERROR;
				CLANG_WARN_QUOTED_INCLUDE_IN_FRAMEWORK_HEADER = YES;
				CLANG_WARN_RANGE_LOOP_ANALYSIS = YES;
				CLANG_WARN_STRICT_PROTOTYPES = YES;
				CLANG_WARN_SUSPICIOUS_MOVE = YES;
				CLANG_WARN_UNGUARDED_AVAILABILITY = YES_AGGRESSIVE;
				CLANG_WARN_UNREACHABLE_CODE = YES;
				CLANG_WARN__DUPLICATE_METHOD_MATCH = YES;
				COPY_PHASE_STRIP = NO;
				DEBUG_INFORMATION_FORMAT = dwarf;
				ENABLE_STRICT_OBJC_MSGSEND = YES;
				ENABLE_TESTABILITY = YES;
				GCC_C_LANGUAGE_STANDARD = gnu11;
				GCC_DYNAMIC_NO_PIC = NO;
				GCC_NO_COMMON_BLOCKS = YES;
				GCC_OPTIMIZATION_LEVEL = 0;
				GCC_PREPROCESSOR_DEFINITIONS = (
					"DEBUG=1",
					"$(inherited)",
				);
				GCC_WARN_64_TO_32_BIT_CONVERSION = YES;
				GCC_WARN_ABOUT_RETURN_TYPE = YES_ERROR;
				GCC_WARN_UNDECLARED_SELECTOR = YES;
				GCC_WARN_UNINITIALIZED_AUTOS = YES_AGGRESSIVE;
				GCC_WARN_UNUSED_FUNCTION = YES;
				GCC_WARN_UNUSED_VARIABLE = YES;
				IPHONEOS_DEPLOYMENT_TARGET = 15.0;
				MTL_ENABLE_DEBUG_INFO = INCLUDE_SOURCE;
				MTL_FAST_MATH = YES;
				ONLY_ACTIVE_ARCH = YES;
				SDKROOT = iphoneos;
				SWIFT_ACTIVE_COMPILATION_CONDITIONS = DEBUG;
				SWIFT_OPTIMIZATION_LEVEL = "-Onone";
			};
			name = Debug;
		};
		9E0B4B62275F69FD00C0063E /* Release */ = {
			isa = XCBuildConfiguration;
			buildSettings = {
				ALWAYS_SEARCH_USER_PATHS = NO;
				CLANG_ANALYZER_LOCALIZABILITY_NONLOCALIZED = YES;
				CLANG_ANALYZER_NONNULL = YES;
				CLANG_ANALYZER_NUMBER_OBJECT_CONVERSION = YES_AGGRESSIVE;
				CLANG_CXX_LANGUAGE_STANDARD = "gnu++17";
				CLANG_CXX_LIBRARY = "libc++";
				CLANG_ENABLE_MODULES = YES;
				CLANG_ENABLE_OBJC_ARC = YES;
				CLANG_ENABLE_OBJC_WEAK = YES;
				CLANG_WARN_BLOCK_CAPTURE_AUTORELEASING = YES;
				CLANG_WARN_BOOL_CONVERSION = YES;
				CLANG_WARN_COMMA = YES;
				CLANG_WARN_CONSTANT_CONVERSION = YES;
				CLANG_WARN_DEPRECATED_OBJC_IMPLEMENTATIONS = YES;
				CLANG_WARN_DIRECT_OBJC_ISA_USAGE = YES_ERROR;
				CLANG_WARN_DOCUMENTATION_COMMENTS = YES;
				CLANG_WARN_EMPTY_BODY = YES;
				CLANG_WARN_ENUM_CONVERSION = YES;
				CLANG_WARN_INFINITE_RECURSION = YES;
				CLANG_WARN_INT_CONVERSION = YES;
				CLANG_WARN_NON_LITERAL_NULL_CONVERSION = YES;
				CLANG_WARN_OBJC_IMPLICIT_RETAIN_SELF = YES;
				CLANG_WARN_OBJC_LITERAL_CONVERSION = YES;
				CLANG_WARN_OBJC_ROOT_CLASS = YES_ERROR;
				CLANG_WARN_QUOTED_INCLUDE_IN_FRAMEWORK_HEADER = YES;
				CLANG_WARN_RANGE_LOOP_ANALYSIS = YES;
				CLANG_WARN_STRICT_PROTOTYPES = YES;
				CLANG_WARN_SUSPICIOUS_MOVE = YES;
				CLANG_WARN_UNGUARDED_AVAILABILITY = YES_AGGRESSIVE;
				CLANG_WARN_UNREACHABLE_CODE = YES;
				CLANG_WARN__DUPLICATE_METHOD_MATCH = YES;
				COPY_PHASE_STRIP = NO;
				DEBUG_INFORMATION_FORMAT = "dwarf-with-dsym";
				ENABLE_NS_ASSERTIONS = NO;
				ENABLE_STRICT_OBJC_MSGSEND = YES;
				GCC_C_LANGUAGE_STANDARD = gnu11;
				GCC_NO_COMMON_BLOCKS = YES;
				GCC_WARN_64_TO_32_BIT_CONVERSION = YES;
				GCC_WARN_ABOUT_RETURN_TYPE = YES_ERROR;
				GCC_WARN_UNDECLARED_SELECTOR = YES;
				GCC_WARN_UNINITIALIZED_AUTOS = YES_AGGRESSIVE;
				GCC_WARN_UNUSED_FUNCTION = YES;
				GCC_WARN_UNUSED_VARIABLE = YES;
				IPHONEOS_DEPLOYMENT_TARGET = 15.0;
				MTL_ENABLE_DEBUG_INFO = NO;
				MTL_FAST_MATH = YES;
				SDKROOT = iphoneos;
				SWIFT_COMPILATION_MODE = wholemodule;
				SWIFT_OPTIMIZATION_LEVEL = "-O";
				VALIDATE_PRODUCT = YES;
			};
			name = Release;
		};
		9E0B4B64275F69FD00C0063E /* Debug */ = {
			isa = XCBuildConfiguration;
			buildSettings = {
				ASSETCATALOG_COMPILER_APPICON_NAME = AppIcon;
				ASSETCATALOG_COMPILER_GLOBAL_ACCENT_COLOR_NAME = AccentColor;
				CODE_SIGN_ENTITLEMENTS = Live_Healthy/Live_Healthy.entitlements;
				CODE_SIGN_IDENTITY = "Apple Development";
				CODE_SIGN_STYLE = Automatic;
				CURRENT_PROJECT_VERSION = 1;
				DEVELOPMENT_TEAM = ZJR8J927ZP;
				GENERATE_INFOPLIST_FILE = YES;
				INFOPLIST_FILE = Live_Healthy/Info.plist;
				INFOPLIST_KEY_UIApplicationSupportsIndirectInputEvents = YES;
				INFOPLIST_KEY_UILaunchStoryboardName = LaunchScreen;
				INFOPLIST_KEY_UIMainStoryboardFile = Main;
				INFOPLIST_KEY_UISupportedInterfaceOrientations_iPad = "UIInterfaceOrientationPortrait UIInterfaceOrientationPortraitUpsideDown UIInterfaceOrientationLandscapeLeft UIInterfaceOrientationLandscapeRight";
				INFOPLIST_KEY_UISupportedInterfaceOrientations_iPhone = "UIInterfaceOrientationPortrait UIInterfaceOrientationLandscapeLeft UIInterfaceOrientationLandscapeRight";
				IPHONEOS_DEPLOYMENT_TARGET = 15.0;
				LD_RUNPATH_SEARCH_PATHS = (
					"$(inherited)",
					"@executable_path/Frameworks",
				);
				MARKETING_VERSION = 1.0;
				PRODUCT_BUNDLE_IDENTIFIER = "com.google.Live-Healthy";
				PRODUCT_NAME = "$(TARGET_NAME)";
				PROVISIONING_PROFILE_SPECIFIER = "";
				SWIFT_EMIT_LOC_STRINGS = YES;
				SWIFT_VERSION = 5.0;
				TARGETED_DEVICE_FAMILY = "1,2";
			};
			name = Debug;
		};
		9E0B4B65275F69FD00C0063E /* Release */ = {
			isa = XCBuildConfiguration;
			buildSettings = {
				ASSETCATALOG_COMPILER_APPICON_NAME = AppIcon;
				ASSETCATALOG_COMPILER_GLOBAL_ACCENT_COLOR_NAME = AccentColor;
				CODE_SIGN_ENTITLEMENTS = Live_Healthy/Live_Healthy.entitlements;
				CODE_SIGN_IDENTITY = "Apple Development";
				CODE_SIGN_STYLE = Automatic;
				CURRENT_PROJECT_VERSION = 1;
				DEVELOPMENT_TEAM = ZJR8J927ZP;
				GENERATE_INFOPLIST_FILE = YES;
				INFOPLIST_FILE = Live_Healthy/Info.plist;
				INFOPLIST_KEY_UIApplicationSupportsIndirectInputEvents = YES;
				INFOPLIST_KEY_UILaunchStoryboardName = LaunchScreen;
				INFOPLIST_KEY_UIMainStoryboardFile = Main;
				INFOPLIST_KEY_UISupportedInterfaceOrientations_iPad = "UIInterfaceOrientationPortrait UIInterfaceOrientationPortraitUpsideDown UIInterfaceOrientationLandscapeLeft UIInterfaceOrientationLandscapeRight";
				INFOPLIST_KEY_UISupportedInterfaceOrientations_iPhone = "UIInterfaceOrientationPortrait UIInterfaceOrientationLandscapeLeft UIInterfaceOrientationLandscapeRight";
				IPHONEOS_DEPLOYMENT_TARGET = 15.0;
				LD_RUNPATH_SEARCH_PATHS = (
					"$(inherited)",
					"@executable_path/Frameworks",
				);
				MARKETING_VERSION = 1.0;
				PRODUCT_BUNDLE_IDENTIFIER = "com.google.Live-Healthy";
				PRODUCT_NAME = "$(TARGET_NAME)";
				PROVISIONING_PROFILE_SPECIFIER = "";
				SWIFT_EMIT_LOC_STRINGS = YES;
				SWIFT_VERSION = 5.0;
				TARGETED_DEVICE_FAMILY = "1,2";
			};
			name = Release;
		};
/* End XCBuildConfiguration section */

/* Begin XCConfigurationList section */
		9E0B4B4A275F69FB00C0063E /* Build configuration list for PBXProject "Live_Healthy" */ = {
			isa = XCConfigurationList;
			buildConfigurations = (
				9E0B4B61275F69FD00C0063E /* Debug */,
				9E0B4B62275F69FD00C0063E /* Release */,
			);
			defaultConfigurationIsVisible = 0;
			defaultConfigurationName = Release;
		};
		9E0B4B63275F69FD00C0063E /* Build configuration list for PBXNativeTarget "Live_Healthy" */ = {
			isa = XCConfigurationList;
			buildConfigurations = (
				9E0B4B64275F69FD00C0063E /* Debug */,
				9E0B4B65275F69FD00C0063E /* Release */,
			);
			defaultConfigurationIsVisible = 0;
			defaultConfigurationName = Release;
		};
/* End XCConfigurationList section */

/* Begin XCRemoteSwiftPackageReference section */
		9E0B4B68275F6E0600C0063E /* XCRemoteSwiftPackageReference "firebase-ios-sdk" */ = {
			isa = XCRemoteSwiftPackageReference;
			repositoryURL = "https://github.com/firebase/firebase-ios-sdk";
			requirement = {
				kind = upToNextMajorVersion;
				minimumVersion = 8.0.0;
			};
		};
/* End XCRemoteSwiftPackageReference section */

/* Begin XCSwiftPackageProductDependency section */
		9E0B4B69275F6E0600C0063E /* FirebaseAnalytics */ = {
			isa = XCSwiftPackageProductDependency;
			package = 9E0B4B68275F6E0600C0063E /* XCRemoteSwiftPackageReference "firebase-ios-sdk" */;
			productName = FirebaseAnalytics;
		};
		9E0B4B6B275F6E0600C0063E /* FirebaseAuth */ = {
			isa = XCSwiftPackageProductDependency;
			package = 9E0B4B68275F6E0600C0063E /* XCRemoteSwiftPackageReference "firebase-ios-sdk" */;
			productName = FirebaseAuth;
		};
		9E0B4B6D275F6E0600C0063E /* FirebaseFirestore */ = {
			isa = XCSwiftPackageProductDependency;
			package = 9E0B4B68275F6E0600C0063E /* XCRemoteSwiftPackageReference "firebase-ios-sdk" */;
			productName = FirebaseFirestore;
		};
/* End XCSwiftPackageProductDependency section */
	};
	rootObject = 9E0B4B47275F69FB00C0063E /* Project object */;
}
